
Microsoft Visual Studio Solution File, Format Version 12.00
# Visual Studio 15
Project("{FAE04EC0-301F-11D3-BF4B-00C04F79EFBC}") = "Assembly-CSharp", "Assembly-CSharp.csproj", "{6FB011AD-51E3-6845-4C2A-EDEA8ADFE0B6}"
EndProject
Project("{FAE04EC0-301F-11D3-BF4B-00C04F79EFBC}") = "Assembly-CSharp-firstpass", "Assembly-CSharp-firstpass.csproj", "{F5100BCF-11AD-C53D-FC9F-77CF1B243EEA}"
EndProject
Project("{FAE04EC0-301F-11D3-BF4B-00C04F79EFBC}") = "Assembly-CSharp-Editor-firstpass", "Assembly-CSharp-Editor-firstpass.csproj", "{405FC6AB-33E4-6078-5342-4278668326E2}"
EndProject
Global
	GlobalSection(SolutionConfigurationPlatforms) = preSolution
		Debug|Any CPU = Debug|Any CPU
		Release|Any CPU = Release|Any CPU
	EndGlobalSection
	GlobalSection(ProjectConfigurationPlatforms) = postSolution
		{6FB011AD-51E3-6845-4C2A-EDEA8ADFE0B6}.Debug|Any CPU.ActiveCfg = Debug|Any CPU
		{6FB011AD-51E3-6845-4C2A-EDEA8ADFE0B6}.Debug|Any CPU.Build.0 = Debug|Any CPU
		{6FB011AD-51E3-6845-4C2A-EDEA8ADFE0B6}.Release|Any CPU.ActiveCfg = Release|Any CPU
		{6FB011AD-51E3-6845-4C2A-EDEA8ADFE0B6}.Release|Any CPU.Build.0 = Release|Any CPU
		{F5100BCF-11AD-C53D-FC9F-77CF1B243EEA}.Debug|Any CPU.ActiveCfg = Debug|Any CPU
		{F5100BCF-11AD-C53D-FC9F-77CF1B243EEA}.Debug|Any CPU.Build.0 = Debug|Any CPU
		{F5100BCF-11AD-C53D-FC9F-77CF1B243EEA}.Release|Any CPU.ActiveCfg = Release|Any CPU
		{F5100BCF-11AD-C53D-FC9F-77CF1B243EEA}.Release|Any CPU.Build.0 = Release|Any CPU
		{405FC6AB-33E4-6078-5342-4278668326E2}.Debug|Any CPU.ActiveCfg = Debug|Any CPU
		{405FC6AB-33E4-6078-5342-4278668326E2}.Debug|Any CPU.Build.0 = Debug|Any CPU
		{405FC6AB-33E4-6078-5342-4278668326E2}.Release|Any CPU.ActiveCfg = Release|Any CPU
		{405FC6AB-33E4-6078-5342-4278668326E2}.Release|Any CPU.Build.0 = Release|Any CPU
	EndGlobalSection
	GlobalSection(SolutionProperties) = preSolution
		HideSolutionNode = FALSE
	EndGlobalSection
EndGlobal
